
Microsoft Visual Studio Solution File, Format Version 12.00
# Visual Studio Version 17
VisualStudioVersion = 17.3.32922.545
MinimumVisualStudioVersion = 10.0.40219.1
Project("{FAE04EC0-301F-11D3-BF4B-00C04F79EFBC}") = "8reinas", "8reinas.csproj", "{C4BFF98F-CA74-425F-8C5D-5735C2AC4B31}"
EndProject
Global
	GlobalSection(SolutionConfigurationPlatforms) = preSolution
		Debug|Any CPU = Debug|Any CPU
		Release|Any CPU = Release|Any CPU
	EndGlobalSection
	GlobalSection(ProjectConfigurationPlatforms) = postSolution
		{C4BFF98F-CA74-425F-8C5D-5735C2AC4B31}.Debug|Any CPU.ActiveCfg = Debug|Any CPU
		{C4BFF98F-CA74-425F-8C5D-5735C2AC4B31}.Debug|Any CPU.Build.0 = Debug|Any CPU
		{C4BFF98F-CA74-425F-8C5D-5735C2AC4B31}.Release|Any CPU.ActiveCfg = Release|Any CPU
		{C4BFF98F-CA74-425F-8C5D-5735C2AC4B31}.Release|Any CPU.Build.0 = Release|Any CPU
	EndGlobalSection
	GlobalSection(SolutionProperties) = preSolution
		HideSolutionNode = FALSE
	EndGlobalSection
	GlobalSection(ExtensibilityGlobals) = postSolution
		SolutionGuid = {E49E5C95-FEB0-4EFB-92A2-919C3D16785C}
	EndGlobalSection
EndGlobal
